// !$*UTF8*$!
{
	archiveVersion = 1;
	classes = {
	};
	objectVersion = 46;
	objects = {

/* Begin PBXBuildFile section */
		CF6F854C1ADA3E8E009D46EE /* AppDelegate.swift in Sources */ = {isa = PBXBuildFile; fileRef = CF6F854B1ADA3E8E009D46EE /* AppDelegate.swift */; };
		CF6F854E1ADA3E8E009D46EE /* ViewController.swift in Sources */ = {isa = PBXBuildFile; fileRef = CF6F854D1ADA3E8E009D46EE /* ViewController.swift */; };
		CF6F85511ADA3E8E009D46EE /* Main.storyboard in Resources */ = {isa = PBXBuildFile; fileRef = CF6F854F1ADA3E8E009D46EE /* Main.storyboard */; };
		CF6F85531ADA3E8E009D46EE /* Images.xcassets in Resources */ = {isa = PBXBuildFile; fileRef = CF6F85521ADA3E8E009D46EE /* Images.xcassets */; };
		CF6F85561ADA3E8E009D46EE /* LaunchScreen.xib in Resources */ = {isa = PBXBuildFile; fileRef = CF6F85541ADA3E8E009D46EE /* LaunchScreen.xib */; };
		CF6F85621ADA3E8E009D46EE /* TechMonsterTests.swift in Sources */ = {isa = PBXBuildFile; fileRef = CF6F85611ADA3E8E009D46EE /* TechMonsterTests.swift */; };
		CF6F85831ADA3F70009D46EE /* Default-568h@2x.png in Resources */ = {isa = PBXBuildFile; fileRef = CF6F856D1ADA3F70009D46EE /* Default-568h@2x.png */; };
		CF6F85841ADA3F70009D46EE /* Default-667h@2x.png in Resources */ = {isa = PBXBuildFile; fileRef = CF6F856E1ADA3F70009D46EE /* Default-667h@2x.png */; };
		CF6F85851ADA3F70009D46EE /* Default-736h@3x.png in Resources */ = {isa = PBXBuildFile; fileRef = CF6F856F1ADA3F70009D46EE /* Default-736h@3x.png */; };
		CF6F85861ADA3F70009D46EE /* misaki_gothic.ttf in Resources */ = {isa = PBXBuildFile; fileRef = CF6F85711ADA3F70009D46EE /* misaki_gothic.ttf */; };
		CF6F85871ADA3F70009D46EE /* battlebg.png in Resources */ = {isa = PBXBuildFile; fileRef = CF6F85731ADA3F70009D46EE /* battlebg.png */; };
		CF6F85881ADA3F70009D46EE /* bgimage.jpg in Resources */ = {isa = PBXBuildFile; fileRef = CF6F85741ADA3F70009D46EE /* bgimage.jpg */; };
		CF6F85891ADA3F70009D46EE /* falcon.png in Resources */ = {isa = PBXBuildFile; fileRef = CF6F85751ADA3F70009D46EE /* falcon.png */; };
		CF6F858A1ADA3F70009D46EE /* gold_button.png in Resources */ = {isa = PBXBuildFile; fileRef = CF6F85761ADA3F70009D46EE /* gold_button.png */; };
		CF6F858B1ADA3F70009D46EE /* lobby.png in Resources */ = {isa = PBXBuildFile; fileRef = CF6F85771ADA3F70009D46EE /* lobby.png */; };
		CF6F858C1ADA3F70009D46EE /* waku.png in Resources */ = {isa = PBXBuildFile; fileRef = CF6F85781ADA3F70009D46EE /* waku.png */; };
		CF6F858D1ADA3F70009D46EE /* Enemy.swift in Sources */ = {isa = PBXBuildFile; fileRef = CF6F857A1ADA3F70009D46EE /* Enemy.swift */; };
		CF6F858E1ADA3F70009D46EE /* Player.swift in Sources */ = {isa = PBXBuildFile; fileRef = CF6F857B1ADA3F70009D46EE /* Player.swift */; };
		CF6F858F1ADA3F70009D46EE /* TechDraUtility.swift in Sources */ = {isa = PBXBuildFile; fileRef = CF6F857C1ADA3F70009D46EE /* TechDraUtility.swift */; };
		CF6F85901ADA3F70009D46EE /* BGM_battle001.mp3 in Resources */ = {isa = PBXBuildFile; fileRef = CF6F857E1ADA3F70009D46EE /* BGM_battle001.mp3 */; };
		CF6F85911ADA3F70009D46EE /* lobby.mp3 in Resources */ = {isa = PBXBuildFile; fileRef = CF6F857F1ADA3F70009D46EE /* lobby.mp3 */; };
		CF6F85921ADA3F70009D46EE /* SE_attack.mp3 in Resources */ = {isa = PBXBuildFile; fileRef = CF6F85801ADA3F70009D46EE /* SE_attack.mp3 */; };
		CF6F85931ADA3F70009D46EE /* SE_fanfare.mp3 in Resources */ = {isa = PBXBuildFile; fileRef = CF6F85811ADA3F70009D46EE /* SE_fanfare.mp3 */; };
		CF6F85941ADA3F70009D46EE /* SE_gameover.mp3 in Resources */ = {isa = PBXBuildFile; fileRef = CF6F85821ADA3F70009D46EE /* SE_gameover.mp3 */; };
		CF6F85961ADA4550009D46EE /* LobbyViewController.swift in Sources */ = {isa = PBXBuildFile; fileRef = CF6F85951ADA4550009D46EE /* LobbyViewController.swift */; };
/* End PBXBuildFile section */

/* Begin PBXContainerItemProxy section */
		CF6F855C1ADA3E8E009D46EE /* PBXContainerItemProxy */ = {
			isa = PBXContainerItemProxy;
			containerPortal = CF6F853E1ADA3E8E009D46EE /* Project object */;
			proxyType = 1;
			remoteGlobalIDString = CF6F85451ADA3E8E009D46EE;
			remoteInfo = TechMonster;
		};
/* End PBXContainerItemProxy section */

/* Begin PBXFileReference section */
		CF6F85461ADA3E8E009D46EE /* TechMonster.app */ = {isa = PBXFileReference; explicitFileType = wrapper.application; includeInIndex = 0; path = TechMonster.app; sourceTree = BUILT_PRODUCTS_DIR; };
		CF6F854A1ADA3E8E009D46EE /* Info.plist */ = {isa = PBXFileReference; lastKnownFileType = text.plist.xml; path = Info.plist; sourceTree = "<group>"; };
		CF6F854B1ADA3E8E009D46EE /* AppDelegate.swift */ = {isa = PBXFileReference; lastKnownFileType = sourcecode.swift; path = AppDelegate.swift; sourceTree = "<group>"; };
		CF6F854D1ADA3E8E009D46EE /* ViewController.swift */ = {isa = PBXFileReference; lastKnownFileType = sourcecode.swift; path = ViewController.swift; sourceTree = "<group>"; };
		CF6F85501ADA3E8E009D46EE /* Base */ = {isa = PBXFileReference; lastKnownFileType = file.storyboard; name = Base; path = Base.lproj/Main.storyboard; sourceTree = "<group>"; };
		CF6F85521ADA3E8E009D46EE /* Images.xcassets */ = {isa = PBXFileReference; lastKnownFileType = folder.assetcatalog; path = Images.xcassets; sourceTree = "<group>"; };
		CF6F85551ADA3E8E009D46EE /* Base */ = {isa = PBXFileReference; lastKnownFileType = file.xib; name = Base; path = Base.lproj/LaunchScreen.xib; sourceTree = "<group>"; };
		CF6F855B1ADA3E8E009D46EE /* TechMonsterTests.xctest */ = {isa = PBXFileReference; explicitFileType = wrapper.cfbundle; includeInIndex = 0; path = TechMonsterTests.xctest; sourceTree = BUILT_PRODUCTS_DIR; };
		CF6F85601ADA3E8E009D46EE /* Info.plist */ = {isa = PBXFileReference; lastKnownFileType = text.plist.xml; path = Info.plist; sourceTree = "<group>"; };
		CF6F85611ADA3E8E009D46EE /* TechMonsterTests.swift */ = {isa = PBXFileReference; lastKnownFileType = sourcecode.swift; path = TechMonsterTests.swift; sourceTree = "<group>"; };
		CF6F856D1ADA3F70009D46EE /* Default-568h@2x.png */ = {isa = PBXFileReference; lastKnownFileType = image.png; path = "Default-568h@2x.png"; sourceTree = "<group>"; };
		CF6F856E1ADA3F70009D46EE /* Default-667h@2x.png */ = {isa = PBXFileReference; lastKnownFileType = image.png; path = "Default-667h@2x.png"; sourceTree = "<group>"; };
		CF6F856F1ADA3F70009D46EE /* Default-736h@3x.png */ = {isa = PBXFileReference; lastKnownFileType = image.png; path = "Default-736h@3x.png"; sourceTree = "<group>"; };
		CF6F85711ADA3F70009D46EE /* misaki_gothic.ttf */ = {isa = PBXFileReference; lastKnownFileType = file; path = misaki_gothic.ttf; sourceTree = "<group>"; };
		CF6F85731ADA3F70009D46EE /* battlebg.png */ = {isa = PBXFileReference; lastKnownFileType = image.png; path = battlebg.png; sourceTree = "<group>"; };
		CF6F85741ADA3F70009D46EE /* bgimage.jpg */ = {isa = PBXFileReference; lastKnownFileType = image.jpeg; path = bgimage.jpg; sourceTree = "<group>"; };
		CF6F85751ADA3F70009D46EE /* falcon.png */ = {isa = PBXFileReference; lastKnownFileType = image.png; path = falcon.png; sourceTree = "<group>"; };
		CF6F85761ADA3F70009D46EE /* gold_button.png */ = {isa = PBXFileReference; lastKnownFileType = image.png; path = gold_button.png; sourceTree = "<group>"; };
		CF6F85771ADA3F70009D46EE /* lobby.png */ = {isa = PBXFileReference; lastKnownFileType = image.png; path = lobby.png; sourceTree = "<group>"; };
		CF6F85781ADA3F70009D46EE /* waku.png */ = {isa = PBXFileReference; lastKnownFileType = image.png; path = waku.png; sourceTree = "<group>"; };
		CF6F857A1ADA3F70009D46EE /* Enemy.swift */ = {isa = PBXFileReference; fileEncoding = 4; lastKnownFileType = sourcecode.swift; path = Enemy.swift; sourceTree = "<group>"; };
		CF6F857B1ADA3F70009D46EE /* Player.swift */ = {isa = PBXFileReference; fileEncoding = 4; lastKnownFileType = sourcecode.swift; path = Player.swift; sourceTree = "<group>"; };
		CF6F857C1ADA3F70009D46EE /* TechDraUtility.swift */ = {isa = PBXFileReference; fileEncoding = 4; lastKnownFileType = sourcecode.swift; path = TechDraUtility.swift; sourceTree = "<group>"; };
		CF6F857E1ADA3F70009D46EE /* BGM_battle001.mp3 */ = {isa = PBXFileReference; lastKnownFileType = audio.mp3; path = BGM_battle001.mp3; sourceTree = "<group>"; };
		CF6F857F1ADA3F70009D46EE /* lobby.mp3 */ = {isa = PBXFileReference; lastKnownFileType = audio.mp3; path = lobby.mp3; sourceTree = "<group>"; };
		CF6F85801ADA3F70009D46EE /* SE_attack.mp3 */ = {isa = PBXFileReference; lastKnownFileType = audio.mp3; path = SE_attack.mp3; sourceTree = "<group>"; };
		CF6F85811ADA3F70009D46EE /* SE_fanfare.mp3 */ = {isa = PBXFileReference; lastKnownFileType = audio.mp3; path = SE_fanfare.mp3; sourceTree = "<group>"; };
		CF6F85821ADA3F70009D46EE /* SE_gameover.mp3 */ = {isa = PBXFileReference; lastKnownFileType = audio.mp3; path = SE_gameover.mp3; sourceTree = "<group>"; };
		CF6F85951ADA4550009D46EE /* LobbyViewController.swift */ = {isa = PBXFileReference; fileEncoding = 4; lastKnownFileType = sourcecode.swift; path = LobbyViewController.swift; sourceTree = "<group>"; };
/* End PBXFileReference section */

/* Begin PBXFrameworksBuildPhase section */
		CF6F85431ADA3E8E009D46EE /* Frameworks */ = {
			isa = PBXFrameworksBuildPhase;
			buildActionMask = 2147483647;
			files = (
			);
			runOnlyForDeploymentPostprocessing = 0;
		};
		CF6F85581ADA3E8E009D46EE /* Frameworks */ = {
			isa = PBXFrameworksBuildPhase;
			buildActionMask = 2147483647;
			files = (
			);
			runOnlyForDeploymentPostprocessing = 0;
		};
/* End PBXFrameworksBuildPhase section */

/* Begin PBXGroup section */
		CF6F853D1ADA3E8E009D46EE = {
			isa = PBXGroup;
			children = (
				CF6F856B1ADA3F70009D46EE /* TechMon_Resources */,
				CF6F85481ADA3E8E009D46EE /* TechMonster */,
				CF6F855E1ADA3E8E009D46EE /* TechMonsterTests */,
				CF6F85471ADA3E8E009D46EE /* Products */,
			);
			sourceTree = "<group>";
		};
		CF6F85471ADA3E8E009D46EE /* Products */ = {
			isa = PBXGroup;
			children = (
				CF6F85461ADA3E8E009D46EE /* TechMonster.app */,
				CF6F855B1ADA3E8E009D46EE /* TechMonsterTests.xctest */,
			);
			name = Products;
			sourceTree = "<group>";
		};
		CF6F85481ADA3E8E009D46EE /* TechMonster */ = {
			isa = PBXGroup;
			children = (
				CF6F854B1ADA3E8E009D46EE /* AppDelegate.swift */,
				CF6F854D1ADA3E8E009D46EE /* ViewController.swift */,
				CF6F854F1ADA3E8E009D46EE /* Main.storyboard */,
				CF6F85521ADA3E8E009D46EE /* Images.xcassets */,
				CF6F85541ADA3E8E009D46EE /* LaunchScreen.xib */,
				CF6F85951ADA4550009D46EE /* LobbyViewController.swift */,
				CF6F85491ADA3E8E009D46EE /* Supporting Files */,
			);
			path = TechMonster;
			sourceTree = "<group>";
		};
		CF6F85491ADA3E8E009D46EE /* Supporting Files */ = {
			isa = PBXGroup;
			children = (
				CF6F854A1ADA3E8E009D46EE /* Info.plist */,
			);
			name = "Supporting Files";
			sourceTree = "<group>";
		};
		CF6F855E1ADA3E8E009D46EE /* TechMonsterTests */ = {
			isa = PBXGroup;
			children = (
				CF6F85611ADA3E8E009D46EE /* TechMonsterTests.swift */,
				CF6F855F1ADA3E8E009D46EE /* Supporting Files */,
			);
			path = TechMonsterTests;
			sourceTree = "<group>";
		};
		CF6F855F1ADA3E8E009D46EE /* Supporting Files */ = {
			isa = PBXGroup;
			children = (
				CF6F85601ADA3E8E009D46EE /* Info.plist */,
			);
			name = "Supporting Files";
			sourceTree = "<group>";
		};
		CF6F856B1ADA3F70009D46EE /* TechMon_Resources */ = {
			isa = PBXGroup;
			children = (
				CF6F856C1ADA3F70009D46EE /* Defaults */,
				CF6F85701ADA3F70009D46EE /* Fonts */,
				CF6F85721ADA3F70009D46EE /* Images */,
				CF6F85791ADA3F70009D46EE /* Models */,
				CF6F857D1ADA3F70009D46EE /* Sounds */,
			);
			path = TechMon_Resources;
			sourceTree = "<group>";
		};
		CF6F856C1ADA3F70009D46EE /* Defaults */ = {
			isa = PBXGroup;
			children = (
				CF6F856D1ADA3F70009D46EE /* Default-568h@2x.png */,
				CF6F856E1ADA3F70009D46EE /* Default-667h@2x.png */,
				CF6F856F1ADA3F70009D46EE /* Default-736h@3x.png */,
			);
			path = Defaults;
			sourceTree = "<group>";
		};
		CF6F85701ADA3F70009D46EE /* Fonts */ = {
			isa = PBXGroup;
			children = (
				CF6F85711ADA3F70009D46EE /* misaki_gothic.ttf */,
			);
			path = Fonts;
			sourceTree = "<group>";
		};
		CF6F85721ADA3F70009D46EE /* Images */ = {
			isa = PBXGroup;
			children = (
				CF6F85731ADA3F70009D46EE /* battlebg.png */,
				CF6F85741ADA3F70009D46EE /* bgimage.jpg */,
				CF6F85751ADA3F70009D46EE /* falcon.png */,
				CF6F85761ADA3F70009D46EE /* gold_button.png */,
				CF6F85771ADA3F70009D46EE /* lobby.png */,
				CF6F85781ADA3F70009D46EE /* waku.png */,
			);
			path = Images;
			sourceTree = "<group>";
		};
		CF6F85791ADA3F70009D46EE /* Models */ = {
			isa = PBXGroup;
			children = (
				CF6F857A1ADA3F70009D46EE /* Enemy.swift */,
				CF6F857B1ADA3F70009D46EE /* Player.swift */,
				CF6F857C1ADA3F70009D46EE /* TechDraUtility.swift */,
			);
			path = Models;
			sourceTree = "<group>";
		};
		CF6F857D1ADA3F70009D46EE /* Sounds */ = {
			isa = PBXGroup;
			children = (
				CF6F857E1ADA3F70009D46EE /* BGM_battle001.mp3 */,
				CF6F857F1ADA3F70009D46EE /* lobby.mp3 */,
				CF6F85801ADA3F70009D46EE /* SE_attack.mp3 */,
				CF6F85811ADA3F70009D46EE /* SE_fanfare.mp3 */,
				CF6F85821ADA3F70009D46EE /* SE_gameover.mp3 */,
			);
			path = Sounds;
			sourceTree = "<group>";
		};
/* End PBXGroup section */

/* Begin PBXNativeTarget section */
		CF6F85451ADA3E8E009D46EE /* TechMonster */ = {
			isa = PBXNativeTarget;
			buildConfigurationList = CF6F85651ADA3E8E009D46EE /* Build configuration list for PBXNativeTarget "TechMonster" */;
			buildPhases = (
				CF6F85421ADA3E8E009D46EE /* Sources */,
				CF6F85431ADA3E8E009D46EE /* Frameworks */,
				CF6F85441ADA3E8E009D46EE /* Resources */,
			);
			buildRules = (
			);
			dependencies = (
			);
			name = TechMonster;
			productName = TechMonster;
			productReference = CF6F85461ADA3E8E009D46EE /* TechMonster.app */;
			productType = "com.apple.product-type.application";
		};
		CF6F855A1ADA3E8E009D46EE /* TechMonsterTests */ = {
			isa = PBXNativeTarget;
			buildConfigurationList = CF6F85681ADA3E8E009D46EE /* Build configuration list for PBXNativeTarget "TechMonsterTests" */;
			buildPhases = (
				CF6F85571ADA3E8E009D46EE /* Sources */,
				CF6F85581ADA3E8E009D46EE /* Frameworks */,
				CF6F85591ADA3E8E009D46EE /* Resources */,
			);
			buildRules = (
			);
			dependencies = (
				CF6F855D1ADA3E8E009D46EE /* PBXTargetDependency */,
			);
			name = TechMonsterTests;
			productName = TechMonsterTests;
			productReference = CF6F855B1ADA3E8E009D46EE /* TechMonsterTests.xctest */;
			productType = "com.apple.product-type.bundle.unit-test";
		};
/* End PBXNativeTarget section */

/* Begin PBXProject section */
		CF6F853E1ADA3E8E009D46EE /* Project object */ = {
			isa = PBXProject;
			attributes = {
				LastUpgradeCheck = 0610;
				ORGANIZATIONNAME = "太田一毅";
				TargetAttributes = {
					CF6F85451ADA3E8E009D46EE = {
						CreatedOnToolsVersion = 6.1;
					};
					CF6F855A1ADA3E8E009D46EE = {
						CreatedOnToolsVersion = 6.1;
						TestTargetID = CF6F85451ADA3E8E009D46EE;
					};
				};
			};
			buildConfigurationList = CF6F85411ADA3E8E009D46EE /* Build configuration list for PBXProject "TechMonster" */;
			compatibilityVersion = "Xcode 3.2";
			developmentRegion = English;
			hasScannedForEncodings = 0;
			knownRegions = (
				en,
				Base,
			);
			mainGroup = CF6F853D1ADA3E8E009D46EE;
			productRefGroup = CF6F85471ADA3E8E009D46EE /* Products */;
			projectDirPath = "";
			projectRoot = "";
			targets = (
				CF6F85451ADA3E8E009D46EE /* TechMonster */,
				CF6F855A1ADA3E8E009D46EE /* TechMonsterTests */,
			);
		};
/* End PBXProject section */

/* Begin PBXResourcesBuildPhase section */
		CF6F85441ADA3E8E009D46EE /* Resources */ = {
			isa = PBXResourcesBuildPhase;
			buildActionMask = 2147483647;
			files = (
				CF6F858C1ADA3F70009D46EE /* waku.png in Resources */,
				CF6F85931ADA3F70009D46EE /* SE_fanfare.mp3 in Resources */,
				CF6F85511ADA3E8E009D46EE /* Main.storyboard in Resources */,
				CF6F858A1ADA3F70009D46EE /* gold_button.png in Resources */,
				CF6F85901ADA3F70009D46EE /* BGM_battle001.mp3 in Resources */,
				CF6F85911ADA3F70009D46EE /* lobby.mp3 in Resources */,
				CF6F85861ADA3F70009D46EE /* misaki_gothic.ttf in Resources */,
				CF6F85831ADA3F70009D46EE /* Default-568h@2x.png in Resources */,
				CF6F858B1ADA3F70009D46EE /* lobby.png in Resources */,
				CF6F85561ADA3E8E009D46EE /* LaunchScreen.xib in Resources */,
				CF6F85871ADA3F70009D46EE /* battlebg.png in Resources */,
				CF6F85921ADA3F70009D46EE /* SE_attack.mp3 in Resources */,
				CF6F85941ADA3F70009D46EE /* SE_gameover.mp3 in Resources */,
				CF6F85531ADA3E8E009D46EE /* Images.xcassets in Resources */,
				CF6F85881ADA3F70009D46EE /* bgimage.jpg in Resources */,
				CF6F85841ADA3F70009D46EE /* Default-667h@2x.png in Resources */,
				CF6F85891ADA3F70009D46EE /* falcon.png in Resources */,
				CF6F85851ADA3F70009D46EE /* Default-736h@3x.png in Resources */,
			);
			runOnlyForDeploymentPostprocessing = 0;
		};
		CF6F85591ADA3E8E009D46EE /* Resources */ = {
			isa = PBXResourcesBuildPhase;
			buildActionMask = 2147483647;
			files = (
			);
			runOnlyForDeploymentPostprocessing = 0;
		};
/* End PBXResourcesBuildPhase section */

/* Begin PBXSourcesBuildPhase section */
		CF6F85421ADA3E8E009D46EE /* Sources */ = {
			isa = PBXSourcesBuildPhase;
			buildActionMask = 2147483647;
			files = (
				CF6F858E1ADA3F70009D46EE /* Player.swift in Sources */,
				CF6F858F1ADA3F70009D46EE /* TechDraUtility.swift in Sources */,
				CF6F854E1ADA3E8E009D46EE /* ViewController.swift in Sources */,
				CF6F85961ADA4550009D46EE /* LobbyViewController.swift in Sources */,
				CF6F854C1ADA3E8E009D46EE /* AppDelegate.swift in Sources */,
				CF6F858D1ADA3F70009D46EE /* Enemy.swift in Sources */,
			);
			runOnlyForDeploymentPostprocessing = 0;
		};
		CF6F85571ADA3E8E009D46EE /* Sources */ = {
			isa = PBXSourcesBuildPhase;
			buildActionMask = 2147483647;
			files = (
				CF6F85621ADA3E8E009D46EE /* TechMonsterTests.swift in Sources */,
			);
			runOnlyForDeploymentPostprocessing = 0;
		};
/* End PBXSourcesBuildPhase section */

/* Begin PBXTargetDependency section */
		CF6F855D1ADA3E8E009D46EE /* PBXTargetDependency */ = {
			isa = PBXTargetDependency;
			target = CF6F85451ADA3E8E009D46EE /* TechMonster */;
			targetProxy = CF6F855C1ADA3E8E009D46EE /* PBXContainerItemProxy */;
		};
/* End PBXTargetDependency section */

/* Begin PBXVariantGroup section */
		CF6F854F1ADA3E8E009D46EE /* Main.storyboard */ = {
			isa = PBXVariantGroup;
			children = (
				CF6F85501ADA3E8E009D46EE /* Base */,
			);
			name = Main.storyboard;
			sourceTree = "<group>";
		};
		CF6F85541ADA3E8E009D46EE /* LaunchScreen.xib */ = {
			isa = PBXVariantGroup;
			children = (
				CF6F85551ADA3E8E009D46EE /* Base */,
			);
			name = LaunchScreen.xib;
			sourceTree = "<group>";
		};
/* End PBXVariantGroup section */

/* Begin XCBuildConfiguration section */
		CF6F85631ADA3E8E009D46EE /* Debug */ = {
			isa = XCBuildConfiguration;
			buildSettings = {
				ALWAYS_SEARCH_USER_PATHS = NO;
				CLANG_CXX_LANGUAGE_STANDARD = "gnu++0x";
				CLANG_CXX_LIBRARY = "libc++";
				CLANG_ENABLE_MODULES = YES;
				CLANG_ENABLE_OBJC_ARC = YES;
				CLANG_WARN_BOOL_CONVERSION = YES;
				CLANG_WARN_CONSTANT_CONVERSION = YES;
				CLANG_WARN_DIRECT_OBJC_ISA_USAGE = YES_ERROR;
				CLANG_WARN_EMPTY_BODY = YES;
				CLANG_WARN_ENUM_CONVERSION = YES;
				CLANG_WARN_INT_CONVERSION = YES;
				CLANG_WARN_OBJC_ROOT_CLASS = YES_ERROR;
				CLANG_WARN_UNREACHABLE_CODE = YES;
				CLANG_WARN__DUPLICATE_METHOD_MATCH = YES;
				"CODE_SIGN_IDENTITY[sdk=iphoneos*]" = "iPhone Developer";
				COPY_PHASE_STRIP = NO;
				ENABLE_STRICT_OBJC_MSGSEND = YES;
				GCC_C_LANGUAGE_STANDARD = gnu99;
				GCC_DYNAMIC_NO_PIC = NO;
				GCC_OPTIMIZATION_LEVEL = 0;
				GCC_PREPROCESSOR_DEFINITIONS = (
					"DEBUG=1",
					"$(inherited)",
				);
				GCC_SYMBOLS_PRIVATE_EXTERN = NO;
				GCC_WARN_64_TO_32_BIT_CONVERSION = YES;
				GCC_WARN_ABOUT_RETURN_TYPE = YES_ERROR;
				GCC_WARN_UNDECLARED_SELECTOR = YES;
				GCC_WARN_UNINITIALIZED_AUTOS = YES_AGGRESSIVE;
				GCC_WARN_UNUSED_FUNCTION = YES;
				GCC_WARN_UNUSED_VARIABLE = YES;
				IPHONEOS_DEPLOYMENT_TARGET = 8.1;
				MTL_ENABLE_DEBUG_INFO = YES;
				ONLY_ACTIVE_ARCH = YES;
				SDKROOT = iphoneos;
				SWIFT_OPTIMIZATION_LEVEL = "-Onone";
			};
			name = Debug;
		};
		CF6F85641ADA3E8E009D46EE /* Release */ = {
			isa = XCBuildConfiguration;
			buildSettings = {
				ALWAYS_SEARCH_USER_PATHS = NO;
				CLANG_CXX_LANGUAGE_STANDARD = "gnu++0x";
				CLANG_CXX_LIBRARY = "libc++";
				CLANG_ENABLE_MODULES = YES;
				CLANG_ENABLE_OBJC_ARC = YES;
				CLANG_WARN_BOOL_CONVERSION = YES;
				CLANG_WARN_CONSTANT_CONVERSION = YES;
				CLANG_WARN_DIRECT_OBJC_ISA_USAGE = YES_ERROR;
				CLANG_WARN_EMPTY_BODY = YES;
				CLANG_WARN_ENUM_CONVERSION = YES;
				CLANG_WARN_INT_CONVERSION = YES;
				CLANG_WARN_OBJC_ROOT_CLASS = YES_ERROR;
				CLANG_WARN_UNREACHABLE_CODE = YES;
				CLANG_WARN__DUPLICATE_METHOD_MATCH = YES;
				"CODE_SIGN_IDENTITY[sdk=iphoneos*]" = "iPhone Developer";
				COPY_PHASE_STRIP = YES;
				ENABLE_NS_ASSERTIONS = NO;
				ENABLE_STRICT_OBJC_MSGSEND = YES;
				GCC_C_LANGUAGE_STANDARD = gnu99;
				GCC_WARN_64_TO_32_BIT_CONVERSION = YES;
				GCC_WARN_ABOUT_RETURN_TYPE = YES_ERROR;
				GCC_WARN_UNDECLARED_SELECTOR = YES;
				GCC_WARN_UNINITIALIZED_AUTOS = YES_AGGRESSIVE;
				GCC_WARN_UNUSED_FUNCTION = YES;
				GCC_WARN_UNUSED_VARIABLE = YES;
				IPHONEOS_DEPLOYMENT_TARGET = 8.1;
				MTL_ENABLE_DEBUG_INFO = NO;
				SDKROOT = iphoneos;
				VALIDATE_PRODUCT = YES;
			};
			name = Release;
		};
		CF6F85661ADA3E8E009D46EE /* Debug */ = {
			isa = XCBuildConfiguration;
			buildSettings = {
				ASSETCATALOG_COMPILER_APPICON_NAME = AppIcon;
				INFOPLIST_FILE = TechMonster/Info.plist;
				IPHONEOS_DEPLOYMENT_TARGET = 7.0;
				LD_RUNPATH_SEARCH_PATHS = "$(inherited) @executable_path/Frameworks";
				PRODUCT_NAME = "$(TARGET_NAME)";
			};
			name = Debug;
		};
		CF6F85671ADA3E8E009D46EE /* Release */ = {
			isa = XCBuildConfiguration;
			buildSettings = {
				ASSETCATALOG_COMPILER_APPICON_NAME = AppIcon;
				INFOPLIST_FILE = TechMonster/Info.plist;
				IPHONEOS_DEPLOYMENT_TARGET = 7.0;
				LD_RUNPATH_SEARCH_PATHS = "$(inherited) @executable_path/Frameworks";
				PRODUCT_NAME = "$(TARGET_NAME)";
			};
			name = Release;
		};
		CF6F85691ADA3E8E009D46EE /* Debug */ = {
			isa = XCBuildConfiguration;
			buildSettings = {
				BUNDLE_LOADER = "$(TEST_HOST)";
				FRAMEWORK_SEARCH_PATHS = (
					"$(SDKROOT)/Developer/Library/Frameworks",
					"$(inherited)",
				);
				GCC_PREPROCESSOR_DEFINITIONS = (
					"DEBUG=1",
					"$(inherited)",
				);
				INFOPLIST_FILE = TechMonsterTests/Info.plist;
				LD_RUNPATH_SEARCH_PATHS = "$(inherited) @executable_path/Frameworks @loader_path/Frameworks";
				PRODUCT_NAME = "$(TARGET_NAME)";
				TEST_HOST = "$(BUILT_PRODUCTS_DIR)/TechMonster.app/TechMonster";
			};
			name = Debug;
		};
		CF6F856A1ADA3E8E009D46EE /* Release */ = {
			isa = XCBuildConfiguration;
			buildSettings = {
				BUNDLE_LOADER = "$(TEST_HOST)";
				FRAMEWORK_SEARCH_PATHS = (
					"$(SDKROOT)/Developer/Library/Frameworks",
					"$(inherited)",
				);
				INFOPLIST_FILE = TechMonsterTests/Info.plist;
				LD_RUNPATH_SEARCH_PATHS = "$(inherited) @executable_path/Frameworks @loader_path/Frameworks";
				PRODUCT_NAME = "$(TARGET_NAME)";
				TEST_HOST = "$(BUILT_PRODUCTS_DIR)/TechMonster.app/TechMonster";
			};
			name = Release;
		};
/* End XCBuildConfiguration section */

/* Begin XCConfigurationList section */
		CF6F85411ADA3E8E009D46EE /* Build configuration list for PBXProject "TechMonster" */ = {
			isa = XCConfigurationList;
			buildConfigurations = (
				CF6F85631ADA3E8E009D46EE /* Debug */,
				CF6F85641ADA3E8E009D46EE /* Release */,
			);
			defaultConfigurationIsVisible = 0;
			defaultConfigurationName = Release;
		};
		CF6F85651ADA3E8E009D46EE /* Build configuration list for PBXNativeTarget "TechMonster" */ = {
			isa = XCConfigurationList;
			buildConfigurations = (
				CF6F85661ADA3E8E009D46EE /* Debug */,
				CF6F85671ADA3E8E009D46EE /* Release */,
			);
			defaultConfigurationIsVisible = 0;
		};
		CF6F85681ADA3E8E009D46EE /* Build configuration list for PBXNativeTarget "TechMonsterTests" */ = {
			isa = XCConfigurationList;
			buildConfigurations = (
				CF6F85691ADA3E8E009D46EE /* Debug */,
				CF6F856A1ADA3E8E009D46EE /* Release */,
			);
			defaultConfigurationIsVisible = 0;
		};
/* End XCConfigurationList section */
	};
	rootObject = CF6F853E1ADA3E8E009D46EE /* Project object */;
}
